// !$*UTF8*$!
{
	archiveVersion = 1;
	classes = {
	};
	objectVersion = 56;
	objects = {

/* Begin PBXBuildFile section */
		9005CB8C2B52614C00EA81C5 /* Colors.swift in Sources */ = {isa = PBXBuildFile; fileRef = 9005CB8B2B52614C00EA81C5 /* Colors.swift */; };
		9005CB8D2B5261B300EA81C5 /* YS Display-Bold.ttf in Resources */ = {isa = PBXBuildFile; fileRef = 902A9E132B51E356001436EE /* YS Display-Bold.ttf */; };
		9005CB8E2B5261B500EA81C5 /* YS Display-Medium.ttf in Resources */ = {isa = PBXBuildFile; fileRef = 902A9E142B51E356001436EE /* YS Display-Medium.ttf */; };
		903F38E92BF00DD300DF234E /* ISO8601DateFormatter+convertStringToDate.swift in Sources */ = {isa = PBXBuildFile; fileRef = 903F38E82BF00DD300DF234E /* ISO8601DateFormatter+convertStringToDate.swift */; };
		906873692B3F60EF00F47AE0 /* AppDelegate.swift in Sources */ = {isa = PBXBuildFile; fileRef = 906873682B3F60EF00F47AE0 /* AppDelegate.swift */; };
		9068736B2B3F60EF00F47AE0 /* SceneDelegate.swift in Sources */ = {isa = PBXBuildFile; fileRef = 9068736A2B3F60EF00F47AE0 /* SceneDelegate.swift */; };
		9068736D2B3F60EF00F47AE0 /* ImagesListViewController.swift in Sources */ = {isa = PBXBuildFile; fileRef = 9068736C2B3F60EF00F47AE0 /* ImagesListViewController.swift */; };
		906873702B3F60EF00F47AE0 /* Main.storyboard in Resources */ = {isa = PBXBuildFile; fileRef = 9068736E2B3F60EF00F47AE0 /* Main.storyboard */; };
		906873722B3F60F000F47AE0 /* Assets.xcassets in Resources */ = {isa = PBXBuildFile; fileRef = 906873712B3F60F000F47AE0 /* Assets.xcassets */; };
		9088D24D2BD4632E008167DB /* ImagesListServiceTests.swift in Sources */ = {isa = PBXBuildFile; fileRef = 9088D24C2BD4632E008167DB /* ImagesListServiceTests.swift */; };
		90931EC22BAB92F900AC7914 /* AuthViewControllerDelegate.swift in Sources */ = {isa = PBXBuildFile; fileRef = 90931EC12BAB92F900AC7914 /* AuthViewControllerDelegate.swift */; };
		9096A7282B46090D009C589C /* LaunchScreen.storyboard in Resources */ = {isa = PBXBuildFile; fileRef = 9096A7272B46090D009C589C /* LaunchScreen.storyboard */; };
		90AEEC222B4DE4FD007A473A /* ImagesListCell.swift in Sources */ = {isa = PBXBuildFile; fileRef = 90AEEC212B4DE4FD007A473A /* ImagesListCell.swift */; };
		90BE185D2BBA1111009135FD /* ProfileImageService.swift in Sources */ = {isa = PBXBuildFile; fileRef = 90BE185C2BBA1111009135FD /* ProfileImageService.swift */; };
		90BE185F2BBA116A009135FD /* UserResultImageDecoder.swift in Sources */ = {isa = PBXBuildFile; fileRef = 90BE185E2BBA116A009135FD /* UserResultImageDecoder.swift */; };
		90C4362B2B81CACD00590BB1 /* AuthConfiguration.swift in Sources */ = {isa = PBXBuildFile; fileRef = 90C4362A2B81CACD00590BB1 /* AuthConfiguration.swift */; };
		90CC15142BEF8DE600185CAD /* DateFormatter+dateFormat.swift in Sources */ = {isa = PBXBuildFile; fileRef = 90CC15132BEF8DE600185CAD /* DateFormatter+dateFormat.swift */; };
		90D461F42B5CF3DF0042A3AD /* ProfileViewController.swift in Sources */ = {isa = PBXBuildFile; fileRef = 90D461F32B5CF3DF0042A3AD /* ProfileViewController.swift */; };
		90E7F10A2B9D411400DEC5E6 /* URLSession+data.swift in Sources */ = {isa = PBXBuildFile; fileRef = 90E7F1092B9D411400DEC5E6 /* URLSession+data.swift */; };
		90E7F10D2B9D4B8000DEC5E6 /* OAuthTokenResponseDecoder.swift in Sources */ = {isa = PBXBuildFile; fileRef = 90E7F10C2B9D4B8000DEC5E6 /* OAuthTokenResponseDecoder.swift */; };
		90EB4E862B8D7504007A228B /* WebViewViewControllerDelegate.swift in Sources */ = {isa = PBXBuildFile; fileRef = 90EB4E852B8D7504007A228B /* WebViewViewControllerDelegate.swift */; };
		90EF4A012B9947E700DC568C /* OAuth2Service.swift in Sources */ = {isa = PBXBuildFile; fileRef = 90EF4A002B9947E700DC568C /* OAuth2Service.swift */; };
		90F018B02BA5635900270B68 /* OAuth2TokenStorage.swift in Sources */ = {isa = PBXBuildFile; fileRef = 90F018AF2BA5635900270B68 /* OAuth2TokenStorage.swift */; };
		90FE33912B61BF4D00B91BEE /* SingleImageViewController.swift in Sources */ = {isa = PBXBuildFile; fileRef = 90FE33902B61BF4D00B91BEE /* SingleImageViewController.swift */; };
		90FE471A2B8AC346007884D8 /* AuthViewController.swift in Sources */ = {isa = PBXBuildFile; fileRef = 90FE47192B8AC346007884D8 /* AuthViewController.swift */; };
		90FE471C2B8AC597007884D8 /* WebViewViewController.swift in Sources */ = {isa = PBXBuildFile; fileRef = 90FE471B2B8AC597007884D8 /* WebViewViewController.swift */; };
		9F2FBBA92BF3563C001D6158 /* Gradient.swift in Sources */ = {isa = PBXBuildFile; fileRef = 9F2FBBA82BF3563B001D6158 /* Gradient.swift */; };
		9F7870E92BB4582F00254517 /* ProfileService.swift in Sources */ = {isa = PBXBuildFile; fileRef = 9F7870E82BB4582F00254517 /* ProfileService.swift */; };
		9F7870EB2BB4586A00254517 /* ProfileDataDecoder.swift in Sources */ = {isa = PBXBuildFile; fileRef = 9F7870EA2BB4586A00254517 /* ProfileDataDecoder.swift */; };
		9F7870ED2BB45D3500254517 /* ProfileModel.swift in Sources */ = {isa = PBXBuildFile; fileRef = 9F7870EC2BB45D3500254517 /* ProfileModel.swift */; };
		9F8406122BE4C6B400220F7B /* ProfileLogoutService.swift in Sources */ = {isa = PBXBuildFile; fileRef = 9F8406112BE4C6B400220F7B /* ProfileLogoutService.swift */; };
		9F88DA972C0610A4006C9B4C /* ImageFeedUITests.swift in Sources */ = {isa = PBXBuildFile; fileRef = 9F88DA962C0610A4006C9B4C /* ImageFeedUITests.swift */; };
		9F88DA992C0610A4006C9B4C /* ImageFeedUITestsLaunchTests.swift in Sources */ = {isa = PBXBuildFile; fileRef = 9F88DA982C0610A4006C9B4C /* ImageFeedUITestsLaunchTests.swift */; };
		9F8905CD2C047669008911E4 /* ProfileViewPresenter.swift in Sources */ = {isa = PBXBuildFile; fileRef = 9F8905CC2C047669008911E4 /* ProfileViewPresenter.swift */; };
		9F8905D52C04B1B5008911E4 /* ProfileViewTests.swift in Sources */ = {isa = PBXBuildFile; fileRef = 9F8905D42C04B1B5008911E4 /* ProfileViewTests.swift */; };
		9F8905DC2C04C4AB008911E4 /* ImageListViewPresenter.swift in Sources */ = {isa = PBXBuildFile; fileRef = 9F8905DB2C04C4AB008911E4 /* ImageListViewPresenter.swift */; };
		9F8905E42C04CF5E008911E4 /* ImageListTests.swift in Sources */ = {isa = PBXBuildFile; fileRef = 9F8905E32C04CF5E008911E4 /* ImageListTests.swift */; };
		9F8A014B2BD0025400872823 /* ImageListService.swift in Sources */ = {isa = PBXBuildFile; fileRef = 9F8A014A2BD0025400872823 /* ImageListService.swift */; };
		9F8AFA4D2BFE21EC004F9E05 /* WebViewViewControllerPrototcol.swift in Sources */ = {isa = PBXBuildFile; fileRef = 9F8AFA4C2BFE21EC004F9E05 /* WebViewViewControllerPrototcol.swift */; };
		9F8AFA512BFE23B7004F9E05 /* WebViewPresenter.swift in Sources */ = {isa = PBXBuildFile; fileRef = 9F8AFA502BFE23B7004F9E05 /* WebViewPresenter.swift */; };
		9F8FFE572BBFE7E700B2EDD7 /* Kingfisher in Frameworks */ = {isa = PBXBuildFile; productRef = 9F8FFE562BBFE7E700B2EDD7 /* Kingfisher */; };
		9F8FFE5C2BC01A0900B2EDD7 /* SwiftKeychainWrapper in Frameworks */ = {isa = PBXBuildFile; productRef = 9F8FFE5B2BC01A0900B2EDD7 /* SwiftKeychainWrapper */; };
		9F8FFE5E2BC0296800B2EDD7 /* TabBarViewController.swift in Sources */ = {isa = PBXBuildFile; fileRef = 9F8FFE5D2BC0296800B2EDD7 /* TabBarViewController.swift */; };
		9F9873382BE3ACAB007D86EB /* ImagesListCellDelegate.swift in Sources */ = {isa = PBXBuildFile; fileRef = 9F9873372BE3ACAB007D86EB /* ImagesListCellDelegate.swift */; };
		9F98733A2BE3BE73007D86EB /* SinglePhotoUpdate.swift in Sources */ = {isa = PBXBuildFile; fileRef = 9F9873392BE3BE73007D86EB /* SinglePhotoUpdate.swift */; };
		9F9BD0212BCEC41B00B18BBF /* Photo.swift in Sources */ = {isa = PBXBuildFile; fileRef = 9F9BD0202BCEC41B00B18BBF /* Photo.swift */; };
		9F9BD0252BCEC46700B18BBF /* PhotoResult.swift in Sources */ = {isa = PBXBuildFile; fileRef = 9F9BD0242BCEC46700B18BBF /* PhotoResult.swift */; };
		9FA19E322BFF74BE005A5746 /* AuthHelper.swift in Sources */ = {isa = PBXBuildFile; fileRef = 9FA19E312BFF74BE005A5746 /* AuthHelper.swift */; };
		9FA19E3A2BFF8C42005A5746 /* WebViewTests.swift in Sources */ = {isa = PBXBuildFile; fileRef = 9FA19E392BFF8C42005A5746 /* WebViewTests.swift */; };
		9FA27DA82BB3F952000EA883 /* ProgressHUD in Frameworks */ = {isa = PBXBuildFile; productRef = 9FA27DA72BB3F952000EA883 /* ProgressHUD */; };
		9FA27DAA2BB431DB000EA883 /* UIBlockingProgreeHud.swift in Sources */ = {isa = PBXBuildFile; fileRef = 9FA27DA92BB431DB000EA883 /* UIBlockingProgreeHud.swift */; };
		9FB2E4232BA87E650020B926 /* SplashViewController.swift in Sources */ = {isa = PBXBuildFile; fileRef = 9FB2E4222BA87E650020B926 /* SplashViewController.swift */; };
/* End PBXBuildFile section */

/* Begin PBXContainerItemProxy section */
		9088D24E2BD4632E008167DB /* PBXContainerItemProxy */ = {
			isa = PBXContainerItemProxy;
			containerPortal = 9068735D2B3F60EF00F47AE0 /* Project object */;
			proxyType = 1;
			remoteGlobalIDString = 906873642B3F60EF00F47AE0;
			remoteInfo = ImageFeed;
		};
		9F88DA9A2C0610A4006C9B4C /* PBXContainerItemProxy */ = {
			isa = PBXContainerItemProxy;
			containerPortal = 9068735D2B3F60EF00F47AE0 /* Project object */;
			proxyType = 1;
			remoteGlobalIDString = 906873642B3F60EF00F47AE0;
			remoteInfo = ImageFeed;
		};
		9F8905D62C04B1B5008911E4 /* PBXContainerItemProxy */ = {
			isa = PBXContainerItemProxy;
			containerPortal = 9068735D2B3F60EF00F47AE0 /* Project object */;
			proxyType = 1;
			remoteGlobalIDString = 906873642B3F60EF00F47AE0;
			remoteInfo = ImageFeed;
		};
		9F8905E52C04CF5E008911E4 /* PBXContainerItemProxy */ = {
			isa = PBXContainerItemProxy;
			containerPortal = 9068735D2B3F60EF00F47AE0 /* Project object */;
			proxyType = 1;
			remoteGlobalIDString = 906873642B3F60EF00F47AE0;
			remoteInfo = ImageFeed;
		};
		9FA19E3B2BFF8C42005A5746 /* PBXContainerItemProxy */ = {
			isa = PBXContainerItemProxy;
			containerPortal = 9068735D2B3F60EF00F47AE0 /* Project object */;
			proxyType = 1;
			remoteGlobalIDString = 906873642B3F60EF00F47AE0;
			remoteInfo = ImageFeed;
		};
/* End PBXContainerItemProxy section */

/* Begin PBXFileReference section */
		9005CB8B2B52614C00EA81C5 /* Colors.swift */ = {isa = PBXFileReference; lastKnownFileType = sourcecode.swift; path = Colors.swift; sourceTree = "<group>"; };
		902A9E132B51E356001436EE /* YS Display-Bold.ttf */ = {isa = PBXFileReference; lastKnownFileType = file; path = "YS Display-Bold.ttf"; sourceTree = "<group>"; };
		902A9E142B51E356001436EE /* YS Display-Medium.ttf */ = {isa = PBXFileReference; lastKnownFileType = file; path = "YS Display-Medium.ttf"; sourceTree = "<group>"; };
		903F38E82BF00DD300DF234E /* ISO8601DateFormatter+convertStringToDate.swift */ = {isa = PBXFileReference; lastKnownFileType = sourcecode.swift; path = "ISO8601DateFormatter+convertStringToDate.swift"; sourceTree = "<group>"; };
		906010F92C07D3710008E78F /* ImageFeed.xctestplan */ = {isa = PBXFileReference; lastKnownFileType = text; path = ImageFeed.xctestplan; sourceTree = "<group>"; };
		906873652B3F60EF00F47AE0 /* ImageFeed.app */ = {isa = PBXFileReference; explicitFileType = wrapper.application; includeInIndex = 0; path = ImageFeed.app; sourceTree = BUILT_PRODUCTS_DIR; };
		906873682B3F60EF00F47AE0 /* AppDelegate.swift */ = {isa = PBXFileReference; lastKnownFileType = sourcecode.swift; path = AppDelegate.swift; sourceTree = "<group>"; };
		9068736A2B3F60EF00F47AE0 /* SceneDelegate.swift */ = {isa = PBXFileReference; lastKnownFileType = sourcecode.swift; path = SceneDelegate.swift; sourceTree = "<group>"; };
		9068736C2B3F60EF00F47AE0 /* ImagesListViewController.swift */ = {isa = PBXFileReference; lastKnownFileType = sourcecode.swift; path = ImagesListViewController.swift; sourceTree = "<group>"; };
		9068736F2B3F60EF00F47AE0 /* Base */ = {isa = PBXFileReference; lastKnownFileType = file.storyboard; name = Base; path = Base.lproj/Main.storyboard; sourceTree = "<group>"; };
		906873712B3F60F000F47AE0 /* Assets.xcassets */ = {isa = PBXFileReference; lastKnownFileType = folder.assetcatalog; path = Assets.xcassets; sourceTree = "<group>"; };
		906873762B3F60F000F47AE0 /* Info.plist */ = {isa = PBXFileReference; lastKnownFileType = text.plist.xml; path = Info.plist; sourceTree = "<group>"; };
		9088D24A2BD4632E008167DB /* ImagesListServiceTests.xctest */ = {isa = PBXFileReference; explicitFileType = wrapper.cfbundle; includeInIndex = 0; path = ImagesListServiceTests.xctest; sourceTree = BUILT_PRODUCTS_DIR; };
		9088D24C2BD4632E008167DB /* ImagesListServiceTests.swift */ = {isa = PBXFileReference; lastKnownFileType = sourcecode.swift; path = ImagesListServiceTests.swift; sourceTree = "<group>"; };
		90931EC12BAB92F900AC7914 /* AuthViewControllerDelegate.swift */ = {isa = PBXFileReference; lastKnownFileType = sourcecode.swift; path = AuthViewControllerDelegate.swift; sourceTree = "<group>"; };
		9096A7272B46090D009C589C /* LaunchScreen.storyboard */ = {isa = PBXFileReference; lastKnownFileType = file.storyboard; path = LaunchScreen.storyboard; sourceTree = "<group>"; };
		90AEEC212B4DE4FD007A473A /* ImagesListCell.swift */ = {isa = PBXFileReference; lastKnownFileType = sourcecode.swift; path = ImagesListCell.swift; sourceTree = "<group>"; };
		90BE185C2BBA1111009135FD /* ProfileImageService.swift */ = {isa = PBXFileReference; lastKnownFileType = sourcecode.swift; path = ProfileImageService.swift; sourceTree = "<group>"; };
		90BE185E2BBA116A009135FD /* UserResultImageDecoder.swift */ = {isa = PBXFileReference; lastKnownFileType = sourcecode.swift; path = UserResultImageDecoder.swift; sourceTree = "<group>"; };
		90C4362A2B81CACD00590BB1 /* AuthConfiguration.swift */ = {isa = PBXFileReference; lastKnownFileType = sourcecode.swift; path = AuthConfiguration.swift; sourceTree = "<group>"; };
		90CC15132BEF8DE600185CAD /* DateFormatter+dateFormat.swift */ = {isa = PBXFileReference; lastKnownFileType = sourcecode.swift; path = "DateFormatter+dateFormat.swift"; sourceTree = "<group>"; };
		90D461F32B5CF3DF0042A3AD /* ProfileViewController.swift */ = {isa = PBXFileReference; lastKnownFileType = sourcecode.swift; path = ProfileViewController.swift; sourceTree = "<group>"; };
		90E7F1092B9D411400DEC5E6 /* URLSession+data.swift */ = {isa = PBXFileReference; lastKnownFileType = sourcecode.swift; path = "URLSession+data.swift"; sourceTree = "<group>"; };
		90E7F10C2B9D4B8000DEC5E6 /* OAuthTokenResponseDecoder.swift */ = {isa = PBXFileReference; lastKnownFileType = sourcecode.swift; path = OAuthTokenResponseDecoder.swift; sourceTree = "<group>"; };
		90EB4E852B8D7504007A228B /* WebViewViewControllerDelegate.swift */ = {isa = PBXFileReference; lastKnownFileType = sourcecode.swift; path = WebViewViewControllerDelegate.swift; sourceTree = "<group>"; };
		90EF4A002B9947E700DC568C /* OAuth2Service.swift */ = {isa = PBXFileReference; lastKnownFileType = sourcecode.swift; path = OAuth2Service.swift; sourceTree = "<group>"; };
		90F018AF2BA5635900270B68 /* OAuth2TokenStorage.swift */ = {isa = PBXFileReference; lastKnownFileType = sourcecode.swift; path = OAuth2TokenStorage.swift; sourceTree = "<group>"; };
		90FE33902B61BF4D00B91BEE /* SingleImageViewController.swift */ = {isa = PBXFileReference; lastKnownFileType = sourcecode.swift; path = SingleImageViewController.swift; sourceTree = "<group>"; };
		90FE47192B8AC346007884D8 /* AuthViewController.swift */ = {isa = PBXFileReference; lastKnownFileType = sourcecode.swift; path = AuthViewController.swift; sourceTree = "<group>"; };
		90FE471B2B8AC597007884D8 /* WebViewViewController.swift */ = {isa = PBXFileReference; lastKnownFileType = sourcecode.swift; path = WebViewViewController.swift; sourceTree = "<group>"; };
		9F2FBBA82BF3563B001D6158 /* Gradient.swift */ = {isa = PBXFileReference; fileEncoding = 4; lastKnownFileType = sourcecode.swift; path = Gradient.swift; sourceTree = "<group>"; };
		9F7870E82BB4582F00254517 /* ProfileService.swift */ = {isa = PBXFileReference; lastKnownFileType = sourcecode.swift; path = ProfileService.swift; sourceTree = "<group>"; };
		9F7870EA2BB4586A00254517 /* ProfileDataDecoder.swift */ = {isa = PBXFileReference; lastKnownFileType = sourcecode.swift; path = ProfileDataDecoder.swift; sourceTree = "<group>"; };
		9F7870EC2BB45D3500254517 /* ProfileModel.swift */ = {isa = PBXFileReference; lastKnownFileType = sourcecode.swift; path = ProfileModel.swift; sourceTree = "<group>"; };
		9F8406112BE4C6B400220F7B /* ProfileLogoutService.swift */ = {isa = PBXFileReference; lastKnownFileType = sourcecode.swift; path = ProfileLogoutService.swift; sourceTree = "<group>"; };
		9F88DA942C0610A4006C9B4C /* ImageFeedUITests.xctest */ = {isa = PBXFileReference; explicitFileType = wrapper.cfbundle; includeInIndex = 0; path = ImageFeedUITests.xctest; sourceTree = BUILT_PRODUCTS_DIR; };
		9F88DA962C0610A4006C9B4C /* ImageFeedUITests.swift */ = {isa = PBXFileReference; lastKnownFileType = sourcecode.swift; path = ImageFeedUITests.swift; sourceTree = "<group>"; };
		9F88DA982C0610A4006C9B4C /* ImageFeedUITestsLaunchTests.swift */ = {isa = PBXFileReference; lastKnownFileType = sourcecode.swift; path = ImageFeedUITestsLaunchTests.swift; sourceTree = "<group>"; };
		9F8905CC2C047669008911E4 /* ProfileViewPresenter.swift */ = {isa = PBXFileReference; lastKnownFileType = sourcecode.swift; path = ProfileViewPresenter.swift; sourceTree = "<group>"; };
		9F8905D22C04B1B5008911E4 /* ProfileViewTests.xctest */ = {isa = PBXFileReference; explicitFileType = wrapper.cfbundle; includeInIndex = 0; path = ProfileViewTests.xctest; sourceTree = BUILT_PRODUCTS_DIR; };
		9F8905D42C04B1B5008911E4 /* ProfileViewTests.swift */ = {isa = PBXFileReference; lastKnownFileType = sourcecode.swift; path = ProfileViewTests.swift; sourceTree = "<group>"; };
		9F8905DB2C04C4AB008911E4 /* ImageListViewPresenter.swift */ = {isa = PBXFileReference; lastKnownFileType = sourcecode.swift; path = ImageListViewPresenter.swift; sourceTree = "<group>"; };
		9F8905E12C04CF5E008911E4 /* ImageListTests.xctest */ = {isa = PBXFileReference; explicitFileType = wrapper.cfbundle; includeInIndex = 0; path = ImageListTests.xctest; sourceTree = BUILT_PRODUCTS_DIR; };
		9F8905E32C04CF5E008911E4 /* ImageListTests.swift */ = {isa = PBXFileReference; lastKnownFileType = sourcecode.swift; path = ImageListTests.swift; sourceTree = "<group>"; };
		9F8A014A2BD0025400872823 /* ImageListService.swift */ = {isa = PBXFileReference; lastKnownFileType = sourcecode.swift; path = ImageListService.swift; sourceTree = "<group>"; };
		9F8AFA4C2BFE21EC004F9E05 /* WebViewViewControllerPrototcol.swift */ = {isa = PBXFileReference; lastKnownFileType = sourcecode.swift; path = WebViewViewControllerPrototcol.swift; sourceTree = "<group>"; };
		9F8AFA502BFE23B7004F9E05 /* WebViewPresenter.swift */ = {isa = PBXFileReference; lastKnownFileType = sourcecode.swift; path = WebViewPresenter.swift; sourceTree = "<group>"; };
		9F8FFE5D2BC0296800B2EDD7 /* TabBarViewController.swift */ = {isa = PBXFileReference; lastKnownFileType = sourcecode.swift; path = TabBarViewController.swift; sourceTree = "<group>"; };
		9F9873372BE3ACAB007D86EB /* ImagesListCellDelegate.swift */ = {isa = PBXFileReference; lastKnownFileType = sourcecode.swift; path = ImagesListCellDelegate.swift; sourceTree = "<group>"; };
		9F9873392BE3BE73007D86EB /* SinglePhotoUpdate.swift */ = {isa = PBXFileReference; lastKnownFileType = sourcecode.swift; path = SinglePhotoUpdate.swift; sourceTree = "<group>"; };
		9F9BD0202BCEC41B00B18BBF /* Photo.swift */ = {isa = PBXFileReference; lastKnownFileType = sourcecode.swift; path = Photo.swift; sourceTree = "<group>"; };
		9F9BD0242BCEC46700B18BBF /* PhotoResult.swift */ = {isa = PBXFileReference; lastKnownFileType = sourcecode.swift; path = PhotoResult.swift; sourceTree = "<group>"; };
		9FA19E312BFF74BE005A5746 /* AuthHelper.swift */ = {isa = PBXFileReference; lastKnownFileType = sourcecode.swift; path = AuthHelper.swift; sourceTree = "<group>"; };
		9FA19E372BFF8C42005A5746 /* ImageFeedTests.xctest */ = {isa = PBXFileReference; explicitFileType = wrapper.cfbundle; includeInIndex = 0; path = ImageFeedTests.xctest; sourceTree = BUILT_PRODUCTS_DIR; };
		9FA19E392BFF8C42005A5746 /* WebViewTests.swift */ = {isa = PBXFileReference; lastKnownFileType = sourcecode.swift; path = WebViewTests.swift; sourceTree = "<group>"; };
		9FA27DA92BB431DB000EA883 /* UIBlockingProgreeHud.swift */ = {isa = PBXFileReference; lastKnownFileType = sourcecode.swift; path = UIBlockingProgreeHud.swift; sourceTree = "<group>"; };
		9FB2E4222BA87E650020B926 /* SplashViewController.swift */ = {isa = PBXFileReference; lastKnownFileType = sourcecode.swift; path = SplashViewController.swift; sourceTree = "<group>"; };
/* End PBXFileReference section */

/* Begin PBXFrameworksBuildPhase section */
		906873622B3F60EF00F47AE0 /* Frameworks */ = {
			isa = PBXFrameworksBuildPhase;
			buildActionMask = 2147483647;
			files = (
				9F8FFE572BBFE7E700B2EDD7 /* Kingfisher in Frameworks */,
				9FA27DA82BB3F952000EA883 /* ProgressHUD in Frameworks */,
				9F8FFE5C2BC01A0900B2EDD7 /* SwiftKeychainWrapper in Frameworks */,
			);
			runOnlyForDeploymentPostprocessing = 0;
		};
		9088D2472BD4632E008167DB /* Frameworks */ = {
			isa = PBXFrameworksBuildPhase;
			buildActionMask = 2147483647;
			files = (
			);
			runOnlyForDeploymentPostprocessing = 0;
		};
		9F88DA912C0610A4006C9B4C /* Frameworks */ = {
			isa = PBXFrameworksBuildPhase;
			buildActionMask = 2147483647;
			files = (
			);
			runOnlyForDeploymentPostprocessing = 0;
		};
		9F8905CF2C04B1B5008911E4 /* Frameworks */ = {
			isa = PBXFrameworksBuildPhase;
			buildActionMask = 2147483647;
			files = (
			);
			runOnlyForDeploymentPostprocessing = 0;
		};
		9F8905DE2C04CF5E008911E4 /* Frameworks */ = {
			isa = PBXFrameworksBuildPhase;
			buildActionMask = 2147483647;
			files = (
			);
			runOnlyForDeploymentPostprocessing = 0;
		};
		9FA19E342BFF8C42005A5746 /* Frameworks */ = {
			isa = PBXFrameworksBuildPhase;
			buildActionMask = 2147483647;
			files = (
			);
			runOnlyForDeploymentPostprocessing = 0;
		};
/* End PBXFrameworksBuildPhase section */

/* Begin PBXGroup section */
		902A9E112B51E325001436EE /* Resourses */ = {
			isa = PBXGroup;
			children = (
				906873762B3F60F000F47AE0 /* Info.plist */,
				906873712B3F60F000F47AE0 /* Assets.xcassets */,
				902A9E122B51E332001436EE /* Fonts */,
				9005CB8B2B52614C00EA81C5 /* Colors.swift */,
				90C4362A2B81CACD00590BB1 /* AuthConfiguration.swift */,
			);
			path = Resourses;
			sourceTree = "<group>";
		};
		902A9E122B51E332001436EE /* Fonts */ = {
			isa = PBXGroup;
			children = (
				902A9E132B51E356001436EE /* YS Display-Bold.ttf */,
				902A9E142B51E356001436EE /* YS Display-Medium.ttf */,
			);
			path = Fonts;
			sourceTree = "<group>";
		};
		9068735C2B3F60EF00F47AE0 = {
			isa = PBXGroup;
			children = (
				906010F92C07D3710008E78F /* ImageFeed.xctestplan */,
				906873672B3F60EF00F47AE0 /* ImageFeed */,
				9088D24B2BD4632E008167DB /* ImagesListServiceTests */,
				9FA19E382BFF8C42005A5746 /* WebViewTests */,
				9F8905D32C04B1B5008911E4 /* ProfileViewTests */,
				9F8905E22C04CF5E008911E4 /* ImageListTests */,
				9F88DA952C0610A4006C9B4C /* ImageFeedUITests */,
				906873662B3F60EF00F47AE0 /* Products */,
			);
			sourceTree = "<group>";
		};
		906873662B3F60EF00F47AE0 /* Products */ = {
			isa = PBXGroup;
			children = (
				906873652B3F60EF00F47AE0 /* ImageFeed.app */,
				9088D24A2BD4632E008167DB /* ImagesListServiceTests.xctest */,
				9FA19E372BFF8C42005A5746 /* ImageFeedTests.xctest */,
				9F8905D22C04B1B5008911E4 /* ProfileViewTests.xctest */,
				9F8905E12C04CF5E008911E4 /* ImageListTests.xctest */,
				9F88DA942C0610A4006C9B4C /* ImageFeedUITests.xctest */,
			);
			name = Products;
			sourceTree = "<group>";
		};
		906873672B3F60EF00F47AE0 /* ImageFeed */ = {
			isa = PBXGroup;
			children = (
				90F018AE2BA5633800270B68 /* Services */,
				90E7F10B2B9D4B1E00DEC5E6 /* Models */,
				90E7F1082B9D40E500DEC5E6 /* Extansions */,
				902A9E112B51E325001436EE /* Resourses */,
				90EB4E872B8D750C007A228B /* Protocols */,
				90FE47182B8AC2FB007884D8 /* Authorization */,
				90AEEC232B4DE519007A473A /* ImagesList */,
				906873682B3F60EF00F47AE0 /* AppDelegate.swift */,
				9068736A2B3F60EF00F47AE0 /* SceneDelegate.swift */,
				9068736E2B3F60EF00F47AE0 /* Main.storyboard */,
				9096A7272B46090D009C589C /* LaunchScreen.storyboard */,
			);
			path = ImageFeed;
			sourceTree = "<group>";
		};
		9088D24B2BD4632E008167DB /* ImagesListServiceTests */ = {
			isa = PBXGroup;
			children = (
				9088D24C2BD4632E008167DB /* ImagesListServiceTests.swift */,
			);
			path = ImagesListServiceTests;
			sourceTree = "<group>";
		};
		90AEEC232B4DE519007A473A /* ImagesList */ = {
			isa = PBXGroup;
			children = (
				90AEEC212B4DE4FD007A473A /* ImagesListCell.swift */,
				9068736C2B3F60EF00F47AE0 /* ImagesListViewController.swift */,
				9F8905DB2C04C4AB008911E4 /* ImageListViewPresenter.swift */,
				90D461F32B5CF3DF0042A3AD /* ProfileViewController.swift */,
				9F8905CC2C047669008911E4 /* ProfileViewPresenter.swift */,
				90FE33902B61BF4D00B91BEE /* SingleImageViewController.swift */,
				9FB2E4222BA87E650020B926 /* SplashViewController.swift */,
				9F8FFE5D2BC0296800B2EDD7 /* TabBarViewController.swift */,
			);
			path = ImagesList;
			sourceTree = "<group>";
		};
		90E7F1082B9D40E500DEC5E6 /* Extansions */ = {
			isa = PBXGroup;
			children = (
				90E7F1092B9D411400DEC5E6 /* URLSession+data.swift */,
				90CC15132BEF8DE600185CAD /* DateFormatter+dateFormat.swift */,
				903F38E82BF00DD300DF234E /* ISO8601DateFormatter+convertStringToDate.swift */,
			);
			path = Extansions;
			sourceTree = "<group>";
		};
		90E7F10B2B9D4B1E00DEC5E6 /* Models */ = {
			isa = PBXGroup;
			children = (
				90E7F10C2B9D4B8000DEC5E6 /* OAuthTokenResponseDecoder.swift */,
				9F7870EA2BB4586A00254517 /* ProfileDataDecoder.swift */,
				9F7870EC2BB45D3500254517 /* ProfileModel.swift */,
				90BE185E2BBA116A009135FD /* UserResultImageDecoder.swift */,
				9F9BD0202BCEC41B00B18BBF /* Photo.swift */,
				9F9BD0242BCEC46700B18BBF /* PhotoResult.swift */,
				9F9873392BE3BE73007D86EB /* SinglePhotoUpdate.swift */,
			);
			path = Models;
			sourceTree = "<group>";
		};
		90EB4E872B8D750C007A228B /* Protocols */ = {
			isa = PBXGroup;
			children = (
				90EB4E852B8D7504007A228B /* WebViewViewControllerDelegate.swift */,
				90931EC12BAB92F900AC7914 /* AuthViewControllerDelegate.swift */,
				9F9873372BE3ACAB007D86EB /* ImagesListCellDelegate.swift */,
				9F8AFA4C2BFE21EC004F9E05 /* WebViewViewControllerPrototcol.swift */,
			);
			path = Protocols;
			sourceTree = "<group>";
		};
		90F018AE2BA5633800270B68 /* Services */ = {
			isa = PBXGroup;
			children = (
				90EF4A002B9947E700DC568C /* OAuth2Service.swift */,
				9F2FBBA82BF3563B001D6158 /* Gradient.swift */,
				90F018AF2BA5635900270B68 /* OAuth2TokenStorage.swift */,
				9FA27DA92BB431DB000EA883 /* UIBlockingProgreeHud.swift */,
				9F7870E82BB4582F00254517 /* ProfileService.swift */,
				90BE185C2BBA1111009135FD /* ProfileImageService.swift */,
				9F8A014A2BD0025400872823 /* ImageListService.swift */,
				9F8406112BE4C6B400220F7B /* ProfileLogoutService.swift */,
			);
			path = Services;
			sourceTree = "<group>";
		};
		90FE47182B8AC2FB007884D8 /* Authorization */ = {
			isa = PBXGroup;
			children = (
				90FE47192B8AC346007884D8 /* AuthViewController.swift */,
				90FE471B2B8AC597007884D8 /* WebViewViewController.swift */,
				9F8AFA502BFE23B7004F9E05 /* WebViewPresenter.swift */,
				9FA19E312BFF74BE005A5746 /* AuthHelper.swift */,
			);
			path = Authorization;
			sourceTree = "<group>";
		};
		9F88DA952C0610A4006C9B4C /* ImageFeedUITests */ = {
			isa = PBXGroup;
			children = (
				9F88DA962C0610A4006C9B4C /* ImageFeedUITests.swift */,
				9F88DA982C0610A4006C9B4C /* ImageFeedUITestsLaunchTests.swift */,
			);
			path = ImageFeedUITests;
			sourceTree = "<group>";
		};
		9F8905D32C04B1B5008911E4 /* ProfileViewTests */ = {
			isa = PBXGroup;
			children = (
				9F8905D42C04B1B5008911E4 /* ProfileViewTests.swift */,
			);
			path = ProfileViewTests;
			sourceTree = "<group>";
		};
		9F8905E22C04CF5E008911E4 /* ImageListTests */ = {
			isa = PBXGroup;
			children = (
				9F8905E32C04CF5E008911E4 /* ImageListTests.swift */,
			);
			path = ImageListTests;
			sourceTree = "<group>";
		};
		9FA19E382BFF8C42005A5746 /* WebViewTests */ = {
			isa = PBXGroup;
			children = (
				9FA19E392BFF8C42005A5746 /* WebViewTests.swift */,
			);
			path = WebViewTests;
			sourceTree = "<group>";
		};
/* End PBXGroup section */

/* Begin PBXNativeTarget section */
		906873642B3F60EF00F47AE0 /* ImageFeed */ = {
			isa = PBXNativeTarget;
			buildConfigurationList = 906873792B3F60F000F47AE0 /* Build configuration list for PBXNativeTarget "ImageFeed" */;
			buildPhases = (
				906873612B3F60EF00F47AE0 /* Sources */,
				906873622B3F60EF00F47AE0 /* Frameworks */,
				906873632B3F60EF00F47AE0 /* Resources */,
			);
			buildRules = (
			);
			dependencies = (
			);
			name = ImageFeed;
			packageProductDependencies = (
				9FA27DA72BB3F952000EA883 /* ProgressHUD */,
				9F8FFE562BBFE7E700B2EDD7 /* Kingfisher */,
				9F8FFE5B2BC01A0900B2EDD7 /* SwiftKeychainWrapper */,
			);
			productName = ImageFeed;
			productReference = 906873652B3F60EF00F47AE0 /* ImageFeed.app */;
			productType = "com.apple.product-type.application";
		};
		9088D2492BD4632E008167DB /* ImagesListServiceTests */ = {
			isa = PBXNativeTarget;
			buildConfigurationList = 9088D2522BD4632E008167DB /* Build configuration list for PBXNativeTarget "ImagesListServiceTests" */;
			buildPhases = (
				9088D2462BD4632E008167DB /* Sources */,
				9088D2472BD4632E008167DB /* Frameworks */,
				9088D2482BD4632E008167DB /* Resources */,
			);
			buildRules = (
			);
			dependencies = (
				9088D24F2BD4632E008167DB /* PBXTargetDependency */,
			);
			name = ImagesListServiceTests;
			productName = ImagesListServiceTests;
			productReference = 9088D24A2BD4632E008167DB /* ImagesListServiceTests.xctest */;
			productType = "com.apple.product-type.bundle.unit-test";
		};
		9F88DA932C0610A4006C9B4C /* ImageFeedUITests */ = {
			isa = PBXNativeTarget;
			buildConfigurationList = 9F88DA9E2C0610A4006C9B4C /* Build configuration list for PBXNativeTarget "ImageFeedUITests" */;
			buildPhases = (
				9F88DA902C0610A4006C9B4C /* Sources */,
				9F88DA912C0610A4006C9B4C /* Frameworks */,
				9F88DA922C0610A4006C9B4C /* Resources */,
			);
			buildRules = (
			);
			dependencies = (
				9F88DA9B2C0610A4006C9B4C /* PBXTargetDependency */,
			);
			name = ImageFeedUITests;
			productName = ImageFeedUITests;
			productReference = 9F88DA942C0610A4006C9B4C /* ImageFeedUITests.xctest */;
			productType = "com.apple.product-type.bundle.ui-testing";
		};
		9F8905D12C04B1B5008911E4 /* ProfileViewTests */ = {
			isa = PBXNativeTarget;
			buildConfigurationList = 9F8905D82C04B1B5008911E4 /* Build configuration list for PBXNativeTarget "ProfileViewTests" */;
			buildPhases = (
				9F8905CE2C04B1B5008911E4 /* Sources */,
				9F8905CF2C04B1B5008911E4 /* Frameworks */,
				9F8905D02C04B1B5008911E4 /* Resources */,
			);
			buildRules = (
			);
			dependencies = (
				9F8905D72C04B1B5008911E4 /* PBXTargetDependency */,
			);
			name = ProfileViewTests;
			productName = ProfileViewTests;
			productReference = 9F8905D22C04B1B5008911E4 /* ProfileViewTests.xctest */;
			productType = "com.apple.product-type.bundle.unit-test";
		};
		9F8905E02C04CF5E008911E4 /* ImageListTests */ = {
			isa = PBXNativeTarget;
			buildConfigurationList = 9F8905E72C04CF5F008911E4 /* Build configuration list for PBXNativeTarget "ImageListTests" */;
			buildPhases = (
				9F8905DD2C04CF5E008911E4 /* Sources */,
				9F8905DE2C04CF5E008911E4 /* Frameworks */,
				9F8905DF2C04CF5E008911E4 /* Resources */,
			);
			buildRules = (
			);
			dependencies = (
				9F8905E62C04CF5E008911E4 /* PBXTargetDependency */,
			);
			name = ImageListTests;
			productName = ImageListTests;
			productReference = 9F8905E12C04CF5E008911E4 /* ImageListTests.xctest */;
			productType = "com.apple.product-type.bundle.unit-test";
		};
		9FA19E362BFF8C42005A5746 /* ImageFeedTests */ = {
			isa = PBXNativeTarget;
			buildConfigurationList = 9FA19E3D2BFF8C42005A5746 /* Build configuration list for PBXNativeTarget "ImageFeedTests" */;
			buildPhases = (
				9FA19E332BFF8C42005A5746 /* Sources */,
				9FA19E342BFF8C42005A5746 /* Frameworks */,
				9FA19E352BFF8C42005A5746 /* Resources */,
			);
			buildRules = (
			);
			dependencies = (
				9FA19E3C2BFF8C42005A5746 /* PBXTargetDependency */,
			);
			name = ImageFeedTests;
			productName = ImageFeedTests;
			productReference = 9FA19E372BFF8C42005A5746 /* ImageFeedTests.xctest */;
			productType = "com.apple.product-type.bundle.unit-test";
		};
/* End PBXNativeTarget section */

/* Begin PBXProject section */
		9068735D2B3F60EF00F47AE0 /* Project object */ = {
			isa = PBXProject;
			attributes = {
				BuildIndependentTargetsInParallel = 1;
				LastSwiftUpdateCheck = 1420;
				LastUpgradeCheck = 1530;
				TargetAttributes = {
					906873642B3F60EF00F47AE0 = {
						CreatedOnToolsVersion = 14.3.1;
					};
					9088D2492BD4632E008167DB = {
						CreatedOnToolsVersion = 15.3;
						TestTargetID = 906873642B3F60EF00F47AE0;
					};
					9F88DA932C0610A4006C9B4C = {
						CreatedOnToolsVersion = 14.2;
						TestTargetID = 906873642B3F60EF00F47AE0;
					};
					9F8905D12C04B1B5008911E4 = {
						CreatedOnToolsVersion = 14.2;
						TestTargetID = 906873642B3F60EF00F47AE0;
					};
					9F8905E02C04CF5E008911E4 = {
						CreatedOnToolsVersion = 14.2;
						TestTargetID = 906873642B3F60EF00F47AE0;
					};
					9FA19E362BFF8C42005A5746 = {
						CreatedOnToolsVersion = 14.2;
						TestTargetID = 906873642B3F60EF00F47AE0;
					};
				};
			};
			buildConfigurationList = 906873602B3F60EF00F47AE0 /* Build configuration list for PBXProject "ImageFeed" */;
			compatibilityVersion = "Xcode 14.0";
			developmentRegion = en;
			hasScannedForEncodings = 0;
			knownRegions = (
				en,
				Base,
			);
			mainGroup = 9068735C2B3F60EF00F47AE0;
			packageReferences = (
				9FA27DA62BB3F952000EA883 /* XCRemoteSwiftPackageReference "ProgressHUD" */,
				9F8FFE552BBFE7E700B2EDD7 /* XCRemoteSwiftPackageReference "Kingfisher" */,
				9F8FFE5A2BC01A0900B2EDD7 /* XCRemoteSwiftPackageReference "SwiftKeychainWrapper" */,
			);
			productRefGroup = 906873662B3F60EF00F47AE0 /* Products */;
			projectDirPath = "";
			projectRoot = "";
			targets = (
				906873642B3F60EF00F47AE0 /* ImageFeed */,
				9088D2492BD4632E008167DB /* ImagesListServiceTests */,
				9FA19E362BFF8C42005A5746 /* ImageFeedTests */,
				9F8905D12C04B1B5008911E4 /* ProfileViewTests */,
				9F8905E02C04CF5E008911E4 /* ImageListTests */,
				9F88DA932C0610A4006C9B4C /* ImageFeedUITests */,
			);
		};
/* End PBXProject section */

/* Begin PBXResourcesBuildPhase section */
		906873632B3F60EF00F47AE0 /* Resources */ = {
			isa = PBXResourcesBuildPhase;
			buildActionMask = 2147483647;
			files = (
				9096A7282B46090D009C589C /* LaunchScreen.storyboard in Resources */,
				906873722B3F60F000F47AE0 /* Assets.xcassets in Resources */,
				906873702B3F60EF00F47AE0 /* Main.storyboard in Resources */,
				9005CB8D2B5261B300EA81C5 /* YS Display-Bold.ttf in Resources */,
				9005CB8E2B5261B500EA81C5 /* YS Display-Medium.ttf in Resources */,
			);
			runOnlyForDeploymentPostprocessing = 0;
		};
		9088D2482BD4632E008167DB /* Resources */ = {
			isa = PBXResourcesBuildPhase;
			buildActionMask = 2147483647;
			files = (
			);
			runOnlyForDeploymentPostprocessing = 0;
		};
		9F88DA922C0610A4006C9B4C /* Resources */ = {
			isa = PBXResourcesBuildPhase;
			buildActionMask = 2147483647;
			files = (
			);
			runOnlyForDeploymentPostprocessing = 0;
		};
		9F8905D02C04B1B5008911E4 /* Resources */ = {
			isa = PBXResourcesBuildPhase;
			buildActionMask = 2147483647;
			files = (
			);
			runOnlyForDeploymentPostprocessing = 0;
		};
		9F8905DF2C04CF5E008911E4 /* Resources */ = {
			isa = PBXResourcesBuildPhase;
			buildActionMask = 2147483647;
			files = (
			);
			runOnlyForDeploymentPostprocessing = 0;
		};
		9FA19E352BFF8C42005A5746 /* Resources */ = {
			isa = PBXResourcesBuildPhase;
			buildActionMask = 2147483647;
			files = (
			);
			runOnlyForDeploymentPostprocessing = 0;
		};
/* End PBXResourcesBuildPhase section */

/* Begin PBXSourcesBuildPhase section */
		906873612B3F60EF00F47AE0 /* Sources */ = {
			isa = PBXSourcesBuildPhase;
			buildActionMask = 2147483647;
			files = (
				90FE471C2B8AC597007884D8 /* WebViewViewController.swift in Sources */,
				9FA27DAA2BB431DB000EA883 /* UIBlockingProgreeHud.swift in Sources */,
				90E7F10D2B9D4B8000DEC5E6 /* OAuthTokenResponseDecoder.swift in Sources */,
				90E7F10A2B9D411400DEC5E6 /* URLSession+data.swift in Sources */,
				9F9873382BE3ACAB007D86EB /* ImagesListCellDelegate.swift in Sources */,
				9005CB8C2B52614C00EA81C5 /* Colors.swift in Sources */,
				90EF4A012B9947E700DC568C /* OAuth2Service.swift in Sources */,
				9068736D2B3F60EF00F47AE0 /* ImagesListViewController.swift in Sources */,
				9F2FBBA92BF3563C001D6158 /* Gradient.swift in Sources */,
				9F8905CD2C047669008911E4 /* ProfileViewPresenter.swift in Sources */,
				9F8AFA512BFE23B7004F9E05 /* WebViewPresenter.swift in Sources */,
				90EB4E862B8D7504007A228B /* WebViewViewControllerDelegate.swift in Sources */,
				9F7870EB2BB4586A00254517 /* ProfileDataDecoder.swift in Sources */,
				9F9BD0212BCEC41B00B18BBF /* Photo.swift in Sources */,
				9F8FFE5E2BC0296800B2EDD7 /* TabBarViewController.swift in Sources */,
				90931EC22BAB92F900AC7914 /* AuthViewControllerDelegate.swift in Sources */,
				903F38E92BF00DD300DF234E /* ISO8601DateFormatter+convertStringToDate.swift in Sources */,
				90BE185D2BBA1111009135FD /* ProfileImageService.swift in Sources */,
				9FA19E322BFF74BE005A5746 /* AuthHelper.swift in Sources */,
				9F7870ED2BB45D3500254517 /* ProfileModel.swift in Sources */,
				90AEEC222B4DE4FD007A473A /* ImagesListCell.swift in Sources */,
				90D461F42B5CF3DF0042A3AD /* ProfileViewController.swift in Sources */,
				906873692B3F60EF00F47AE0 /* AppDelegate.swift in Sources */,
				90FE33912B61BF4D00B91BEE /* SingleImageViewController.swift in Sources */,
				9068736B2B3F60EF00F47AE0 /* SceneDelegate.swift in Sources */,
				9F7870E92BB4582F00254517 /* ProfileService.swift in Sources */,
				90F018B02BA5635900270B68 /* OAuth2TokenStorage.swift in Sources */,
				9F8905DC2C04C4AB008911E4 /* ImageListViewPresenter.swift in Sources */,
				9F9BD0252BCEC46700B18BBF /* PhotoResult.swift in Sources */,
				9F8406122BE4C6B400220F7B /* ProfileLogoutService.swift in Sources */,
				9F98733A2BE3BE73007D86EB /* SinglePhotoUpdate.swift in Sources */,
				90C4362B2B81CACD00590BB1 /* AuthConfiguration.swift in Sources */,
				9F8A014B2BD0025400872823 /* ImageListService.swift in Sources */,
				90CC15142BEF8DE600185CAD /* DateFormatter+dateFormat.swift in Sources */,
				90FE471A2B8AC346007884D8 /* AuthViewController.swift in Sources */,
				90BE185F2BBA116A009135FD /* UserResultImageDecoder.swift in Sources */,
				9FB2E4232BA87E650020B926 /* SplashViewController.swift in Sources */,
				9F8AFA4D2BFE21EC004F9E05 /* WebViewViewControllerPrototcol.swift in Sources */,
			);
			runOnlyForDeploymentPostprocessing = 0;
		};
		9088D2462BD4632E008167DB /* Sources */ = {
			isa = PBXSourcesBuildPhase;
			buildActionMask = 2147483647;
			files = (
				9088D24D2BD4632E008167DB /* ImagesListServiceTests.swift in Sources */,
			);
			runOnlyForDeploymentPostprocessing = 0;
		};
		9F88DA902C0610A4006C9B4C /* Sources */ = {
			isa = PBXSourcesBuildPhase;
			buildActionMask = 2147483647;
			files = (
				9F88DA992C0610A4006C9B4C /* ImageFeedUITestsLaunchTests.swift in Sources */,
				9F88DA972C0610A4006C9B4C /* ImageFeedUITests.swift in Sources */,
			);
			runOnlyForDeploymentPostprocessing = 0;
		};
		9F8905CE2C04B1B5008911E4 /* Sources */ = {
			isa = PBXSourcesBuildPhase;
			buildActionMask = 2147483647;
			files = (
				9F8905D52C04B1B5008911E4 /* ProfileViewTests.swift in Sources */,
			);
			runOnlyForDeploymentPostprocessing = 0;
		};
		9F8905DD2C04CF5E008911E4 /* Sources */ = {
			isa = PBXSourcesBuildPhase;
			buildActionMask = 2147483647;
			files = (
				9F8905E42C04CF5E008911E4 /* ImageListTests.swift in Sources */,
			);
			runOnlyForDeploymentPostprocessing = 0;
		};
		9FA19E332BFF8C42005A5746 /* Sources */ = {
			isa = PBXSourcesBuildPhase;
			buildActionMask = 2147483647;
			files = (
				9FA19E3A2BFF8C42005A5746 /* WebViewTests.swift in Sources */,
			);
			runOnlyForDeploymentPostprocessing = 0;
		};
/* End PBXSourcesBuildPhase section */

/* Begin PBXTargetDependency section */
		9088D24F2BD4632E008167DB /* PBXTargetDependency */ = {
			isa = PBXTargetDependency;
			target = 906873642B3F60EF00F47AE0 /* ImageFeed */;
			targetProxy = 9088D24E2BD4632E008167DB /* PBXContainerItemProxy */;
		};
		9F88DA9B2C0610A4006C9B4C /* PBXTargetDependency */ = {
			isa = PBXTargetDependency;
			target = 906873642B3F60EF00F47AE0 /* ImageFeed */;
			targetProxy = 9F88DA9A2C0610A4006C9B4C /* PBXContainerItemProxy */;
		};
		9F8905D72C04B1B5008911E4 /* PBXTargetDependency */ = {
			isa = PBXTargetDependency;
			target = 906873642B3F60EF00F47AE0 /* ImageFeed */;
			targetProxy = 9F8905D62C04B1B5008911E4 /* PBXContainerItemProxy */;
		};
		9F8905E62C04CF5E008911E4 /* PBXTargetDependency */ = {
			isa = PBXTargetDependency;
			target = 906873642B3F60EF00F47AE0 /* ImageFeed */;
			targetProxy = 9F8905E52C04CF5E008911E4 /* PBXContainerItemProxy */;
		};
		9FA19E3C2BFF8C42005A5746 /* PBXTargetDependency */ = {
			isa = PBXTargetDependency;
			target = 906873642B3F60EF00F47AE0 /* ImageFeed */;
			targetProxy = 9FA19E3B2BFF8C42005A5746 /* PBXContainerItemProxy */;
		};
/* End PBXTargetDependency section */

/* Begin PBXVariantGroup section */
		9068736E2B3F60EF00F47AE0 /* Main.storyboard */ = {
			isa = PBXVariantGroup;
			children = (
				9068736F2B3F60EF00F47AE0 /* Base */,
			);
			name = Main.storyboard;
			sourceTree = "<group>";
		};
/* End PBXVariantGroup section */

/* Begin XCBuildConfiguration section */
		906873772B3F60F000F47AE0 /* Debug */ = {
			isa = XCBuildConfiguration;
			buildSettings = {
				ALWAYS_SEARCH_USER_PATHS = NO;
				ASSETCATALOG_COMPILER_GENERATE_SWIFT_ASSET_SYMBOL_EXTENSIONS = YES;
				CLANG_ANALYZER_NONNULL = YES;
				CLANG_ANALYZER_NUMBER_OBJECT_CONVERSION = YES_AGGRESSIVE;
				CLANG_CXX_LANGUAGE_STANDARD = "gnu++20";
				CLANG_ENABLE_MODULES = YES;
				CLANG_ENABLE_OBJC_ARC = YES;
				CLANG_ENABLE_OBJC_WEAK = YES;
				CLANG_WARN_BLOCK_CAPTURE_AUTORELEASING = YES;
				CLANG_WARN_BOOL_CONVERSION = YES;
				CLANG_WARN_COMMA = YES;
				CLANG_WARN_CONSTANT_CONVERSION = YES;
				CLANG_WARN_DEPRECATED_OBJC_IMPLEMENTATIONS = YES;
				CLANG_WARN_DIRECT_OBJC_ISA_USAGE = YES_ERROR;
				CLANG_WARN_DOCUMENTATION_COMMENTS = YES;
				CLANG_WARN_EMPTY_BODY = YES;
				CLANG_WARN_ENUM_CONVERSION = YES;
				CLANG_WARN_INFINITE_RECURSION = YES;
				CLANG_WARN_INT_CONVERSION = YES;
				CLANG_WARN_NON_LITERAL_NULL_CONVERSION = YES;
				CLANG_WARN_OBJC_IMPLICIT_RETAIN_SELF = YES;
				CLANG_WARN_OBJC_LITERAL_CONVERSION = YES;
				CLANG_WARN_OBJC_ROOT_CLASS = YES_ERROR;
				CLANG_WARN_QUOTED_INCLUDE_IN_FRAMEWORK_HEADER = YES;
				CLANG_WARN_RANGE_LOOP_ANALYSIS = YES;
				CLANG_WARN_STRICT_PROTOTYPES = YES;
				CLANG_WARN_SUSPICIOUS_MOVE = YES;
				CLANG_WARN_UNGUARDED_AVAILABILITY = YES_AGGRESSIVE;
				CLANG_WARN_UNREACHABLE_CODE = YES;
				CLANG_WARN__DUPLICATE_METHOD_MATCH = YES;
				COPY_PHASE_STRIP = NO;
				DEBUG_INFORMATION_FORMAT = dwarf;
				ENABLE_STRICT_OBJC_MSGSEND = YES;
				ENABLE_TESTABILITY = YES;
				ENABLE_USER_SCRIPT_SANDBOXING = YES;
				GCC_C_LANGUAGE_STANDARD = gnu11;
				GCC_DYNAMIC_NO_PIC = NO;
				GCC_NO_COMMON_BLOCKS = YES;
				GCC_OPTIMIZATION_LEVEL = 0;
				GCC_PREPROCESSOR_DEFINITIONS = (
					"DEBUG=1",
					"$(inherited)",
				);
				GCC_WARN_64_TO_32_BIT_CONVERSION = YES;
				GCC_WARN_ABOUT_RETURN_TYPE = YES_ERROR;
				GCC_WARN_UNDECLARED_SELECTOR = YES;
				GCC_WARN_UNINITIALIZED_AUTOS = YES_AGGRESSIVE;
				GCC_WARN_UNUSED_FUNCTION = YES;
				GCC_WARN_UNUSED_VARIABLE = YES;
				IPHONEOS_DEPLOYMENT_TARGET = 13.0;
				MTL_ENABLE_DEBUG_INFO = INCLUDE_SOURCE;
				MTL_FAST_MATH = YES;
				ONLY_ACTIVE_ARCH = YES;
				SDKROOT = iphoneos;
				SWIFT_ACTIVE_COMPILATION_CONDITIONS = DEBUG;
				SWIFT_OPTIMIZATION_LEVEL = "-Onone";
			};
			name = Debug;
		};
		906873782B3F60F000F47AE0 /* Release */ = {
			isa = XCBuildConfiguration;
			buildSettings = {
				ALWAYS_SEARCH_USER_PATHS = NO;
				ASSETCATALOG_COMPILER_GENERATE_SWIFT_ASSET_SYMBOL_EXTENSIONS = YES;
				CLANG_ANALYZER_NONNULL = YES;
				CLANG_ANALYZER_NUMBER_OBJECT_CONVERSION = YES_AGGRESSIVE;
				CLANG_CXX_LANGUAGE_STANDARD = "gnu++20";
				CLANG_ENABLE_MODULES = YES;
				CLANG_ENABLE_OBJC_ARC = YES;
				CLANG_ENABLE_OBJC_WEAK = YES;
				CLANG_WARN_BLOCK_CAPTURE_AUTORELEASING = YES;
				CLANG_WARN_BOOL_CONVERSION = YES;
				CLANG_WARN_COMMA = YES;
				CLANG_WARN_CONSTANT_CONVERSION = YES;
				CLANG_WARN_DEPRECATED_OBJC_IMPLEMENTATIONS = YES;
				CLANG_WARN_DIRECT_OBJC_ISA_USAGE = YES_ERROR;
				CLANG_WARN_DOCUMENTATION_COMMENTS = YES;
				CLANG_WARN_EMPTY_BODY = YES;
				CLANG_WARN_ENUM_CONVERSION = YES;
				CLANG_WARN_INFINITE_RECURSION = YES;
				CLANG_WARN_INT_CONVERSION = YES;
				CLANG_WARN_NON_LITERAL_NULL_CONVERSION = YES;
				CLANG_WARN_OBJC_IMPLICIT_RETAIN_SELF = YES;
				CLANG_WARN_OBJC_LITERAL_CONVERSION = YES;
				CLANG_WARN_OBJC_ROOT_CLASS = YES_ERROR;
				CLANG_WARN_QUOTED_INCLUDE_IN_FRAMEWORK_HEADER = YES;
				CLANG_WARN_RANGE_LOOP_ANALYSIS = YES;
				CLANG_WARN_STRICT_PROTOTYPES = YES;
				CLANG_WARN_SUSPICIOUS_MOVE = YES;
				CLANG_WARN_UNGUARDED_AVAILABILITY = YES_AGGRESSIVE;
				CLANG_WARN_UNREACHABLE_CODE = YES;
				CLANG_WARN__DUPLICATE_METHOD_MATCH = YES;
				COPY_PHASE_STRIP = NO;
				DEBUG_INFORMATION_FORMAT = "dwarf-with-dsym";
				ENABLE_NS_ASSERTIONS = NO;
				ENABLE_STRICT_OBJC_MSGSEND = YES;
				ENABLE_USER_SCRIPT_SANDBOXING = YES;
				GCC_C_LANGUAGE_STANDARD = gnu11;
				GCC_NO_COMMON_BLOCKS = YES;
				GCC_WARN_64_TO_32_BIT_CONVERSION = YES;
				GCC_WARN_ABOUT_RETURN_TYPE = YES_ERROR;
				GCC_WARN_UNDECLARED_SELECTOR = YES;
				GCC_WARN_UNINITIALIZED_AUTOS = YES_AGGRESSIVE;
				GCC_WARN_UNUSED_FUNCTION = YES;
				GCC_WARN_UNUSED_VARIABLE = YES;
				IPHONEOS_DEPLOYMENT_TARGET = 13.0;
				MTL_ENABLE_DEBUG_INFO = NO;
				MTL_FAST_MATH = YES;
				SDKROOT = iphoneos;
				SWIFT_COMPILATION_MODE = wholemodule;
				SWIFT_OPTIMIZATION_LEVEL = "-O";
				VALIDATE_PRODUCT = YES;
			};
			name = Release;
		};
		9068737A2B3F60F000F47AE0 /* Debug */ = {
			isa = XCBuildConfiguration;
			buildSettings = {
				ASSETCATALOG_COMPILER_APPICON_NAME = AppIcon;
				ASSETCATALOG_COMPILER_GLOBAL_ACCENT_COLOR_NAME = AccentColor;
				CODE_SIGN_STYLE = Automatic;
				CURRENT_PROJECT_VERSION = 1;
				DEVELOPMENT_TEAM = 25PDYCB3UJ;
				GENERATE_INFOPLIST_FILE = YES;
				INFOPLIST_FILE = ImageFeed/Resourses/Info.plist;
				INFOPLIST_KEY_UIApplicationSupportsIndirectInputEvents = YES;
				INFOPLIST_KEY_UILaunchStoryboardName = LaunchScreen;
				INFOPLIST_KEY_UIMainStoryboardFile = Main;
				INFOPLIST_KEY_UISupportedInterfaceOrientations = UIInterfaceOrientationPortrait;
				INFOPLIST_KEY_UISupportedInterfaceOrientations_iPhone = UIInterfaceOrientationPortrait;
				IPHONEOS_DEPLOYMENT_TARGET = 13.0;
				LD_RUNPATH_SEARCH_PATHS = (
					"$(inherited)",
					"@executable_path/Frameworks",
				);
				MARKETING_VERSION = 1.0;
				PRODUCT_BUNDLE_IDENTIFIER = ru.artlabe.team.ImageFeed;
				PRODUCT_NAME = "$(TARGET_NAME)";
				SUPPORTED_PLATFORMS = "iphoneos iphonesimulator";
				SUPPORTS_MACCATALYST = NO;
				SUPPORTS_MAC_DESIGNED_FOR_IPHONE_IPAD = NO;
				SWIFT_EMIT_LOC_STRINGS = YES;
				SWIFT_VERSION = 5.0;
				TARGETED_DEVICE_FAMILY = 1;
			};
			name = Debug;
		};
		9068737B2B3F60F000F47AE0 /* Release */ = {
			isa = XCBuildConfiguration;
			buildSettings = {
				ASSETCATALOG_COMPILER_APPICON_NAME = AppIcon;
				ASSETCATALOG_COMPILER_GLOBAL_ACCENT_COLOR_NAME = AccentColor;
				CODE_SIGN_STYLE = Automatic;
				CURRENT_PROJECT_VERSION = 1;
				DEVELOPMENT_TEAM = 25PDYCB3UJ;
				GENERATE_INFOPLIST_FILE = YES;
				INFOPLIST_FILE = ImageFeed/Resourses/Info.plist;
				INFOPLIST_KEY_UIApplicationSupportsIndirectInputEvents = YES;
				INFOPLIST_KEY_UILaunchStoryboardName = LaunchScreen;
				INFOPLIST_KEY_UIMainStoryboardFile = Main;
				INFOPLIST_KEY_UISupportedInterfaceOrientations = UIInterfaceOrientationPortrait;
				INFOPLIST_KEY_UISupportedInterfaceOrientations_iPhone = UIInterfaceOrientationPortrait;
				IPHONEOS_DEPLOYMENT_TARGET = 13.0;
				LD_RUNPATH_SEARCH_PATHS = (
					"$(inherited)",
					"@executable_path/Frameworks",
				);
				MARKETING_VERSION = 1.0;
				PRODUCT_BUNDLE_IDENTIFIER = ru.artlabe.team.ImageFeed;
				PRODUCT_NAME = "$(TARGET_NAME)";
				SUPPORTED_PLATFORMS = "iphoneos iphonesimulator";
				SUPPORTS_MACCATALYST = NO;
				SUPPORTS_MAC_DESIGNED_FOR_IPHONE_IPAD = NO;
				SWIFT_EMIT_LOC_STRINGS = YES;
				SWIFT_VERSION = 5.0;
				TARGETED_DEVICE_FAMILY = 1;
			};
			name = Release;
		};
		9088D2502BD4632E008167DB /* Debug */ = {
			isa = XCBuildConfiguration;
			buildSettings = {
				BUNDLE_LOADER = "$(TEST_HOST)";
				CODE_SIGN_STYLE = Automatic;
				CURRENT_PROJECT_VERSION = 1;
				DEVELOPMENT_TEAM = 25PDYCB3UJ;
				GCC_C_LANGUAGE_STANDARD = gnu17;
				GENERATE_INFOPLIST_FILE = YES;
				IPHONEOS_DEPLOYMENT_TARGET = 13.0;
				LOCALIZATION_PREFERS_STRING_CATALOGS = YES;
				MARKETING_VERSION = 1.0;
				PRODUCT_BUNDLE_IDENTIFIER = ru.artlabe.team.ImagesListServiceTests;
				PRODUCT_NAME = "$(TARGET_NAME)";
				SWIFT_ACTIVE_COMPILATION_CONDITIONS = "DEBUG $(inherited)";
				SWIFT_EMIT_LOC_STRINGS = NO;
				SWIFT_VERSION = 5.0;
				TARGETED_DEVICE_FAMILY = "1,2";
				TEST_HOST = "$(BUILT_PRODUCTS_DIR)/ImageFeed.app/$(BUNDLE_EXECUTABLE_FOLDER_PATH)/ImageFeed";
			};
			name = Debug;
		};
		9088D2512BD4632E008167DB /* Release */ = {
			isa = XCBuildConfiguration;
			buildSettings = {
				BUNDLE_LOADER = "$(TEST_HOST)";
				CODE_SIGN_STYLE = Automatic;
				CURRENT_PROJECT_VERSION = 1;
				DEVELOPMENT_TEAM = 25PDYCB3UJ;
				GCC_C_LANGUAGE_STANDARD = gnu17;
				GENERATE_INFOPLIST_FILE = YES;
				IPHONEOS_DEPLOYMENT_TARGET = 13.0;
				LOCALIZATION_PREFERS_STRING_CATALOGS = YES;
				MARKETING_VERSION = 1.0;
				PRODUCT_BUNDLE_IDENTIFIER = ru.artlabe.team.ImagesListServiceTests;
				PRODUCT_NAME = "$(TARGET_NAME)";
				SWIFT_EMIT_LOC_STRINGS = NO;
				SWIFT_VERSION = 5.0;
				TARGETED_DEVICE_FAMILY = "1,2";
				TEST_HOST = "$(BUILT_PRODUCTS_DIR)/ImageFeed.app/$(BUNDLE_EXECUTABLE_FOLDER_PATH)/ImageFeed";
			};
			name = Release;
		};
		9F88DA9C2C0610A4006C9B4C /* Debug */ = {
			isa = XCBuildConfiguration;
			buildSettings = {
				CODE_SIGN_STYLE = Automatic;
				CURRENT_PROJECT_VERSION = 1;
				DEVELOPMENT_TEAM = 25PDYCB3UJ;
				GENERATE_INFOPLIST_FILE = YES;
				IPHONEOS_DEPLOYMENT_TARGET = 16.2;
				MARKETING_VERSION = 1.0;
				PRODUCT_BUNDLE_IDENTIFIER = "ru.art-lab.ImageFeedUITests";
				PRODUCT_NAME = "$(TARGET_NAME)";
				SWIFT_EMIT_LOC_STRINGS = NO;
				SWIFT_VERSION = 5.0;
				TARGETED_DEVICE_FAMILY = "1,2";
				TEST_TARGET_NAME = ImageFeed;
			};
			name = Debug;
		};
		9F88DA9D2C0610A4006C9B4C /* Release */ = {
			isa = XCBuildConfiguration;
			buildSettings = {
				CODE_SIGN_STYLE = Automatic;
				CURRENT_PROJECT_VERSION = 1;
				DEVELOPMENT_TEAM = 25PDYCB3UJ;
				GENERATE_INFOPLIST_FILE = YES;
				IPHONEOS_DEPLOYMENT_TARGET = 16.2;
				MARKETING_VERSION = 1.0;
				PRODUCT_BUNDLE_IDENTIFIER = "ru.art-lab.ImageFeedUITests";
				PRODUCT_NAME = "$(TARGET_NAME)";
				SWIFT_EMIT_LOC_STRINGS = NO;
				SWIFT_VERSION = 5.0;
				TARGETED_DEVICE_FAMILY = "1,2";
				TEST_TARGET_NAME = ImageFeed;
			};
			name = Release;
		};
		9F8905D92C04B1B5008911E4 /* Debug */ = {
			isa = XCBuildConfiguration;
			buildSettings = {
				BUNDLE_LOADER = "$(TEST_HOST)";
				CODE_SIGN_STYLE = Automatic;
				CURRENT_PROJECT_VERSION = 1;
				DEVELOPMENT_TEAM = 25PDYCB3UJ;
				GENERATE_INFOPLIST_FILE = YES;
				IPHONEOS_DEPLOYMENT_TARGET = 16.2;
				MARKETING_VERSION = 1.0;
				PRODUCT_BUNDLE_IDENTIFIER = "ru.art-lab.ProfileViewTests";
				PRODUCT_NAME = "$(TARGET_NAME)";
				SWIFT_EMIT_LOC_STRINGS = NO;
				SWIFT_VERSION = 5.0;
				TARGETED_DEVICE_FAMILY = "1,2";
				TEST_HOST = "$(BUILT_PRODUCTS_DIR)/ImageFeed.app/$(BUNDLE_EXECUTABLE_FOLDER_PATH)/ImageFeed";
			};
			name = Debug;
		};
		9F8905DA2C04B1B5008911E4 /* Release */ = {
			isa = XCBuildConfiguration;
			buildSettings = {
				BUNDLE_LOADER = "$(TEST_HOST)";
				CODE_SIGN_STYLE = Automatic;
				CURRENT_PROJECT_VERSION = 1;
				DEVELOPMENT_TEAM = 25PDYCB3UJ;
				GENERATE_INFOPLIST_FILE = YES;
				IPHONEOS_DEPLOYMENT_TARGET = 16.2;
				MARKETING_VERSION = 1.0;
				PRODUCT_BUNDLE_IDENTIFIER = "ru.art-lab.ProfileViewTests";
				PRODUCT_NAME = "$(TARGET_NAME)";
				SWIFT_EMIT_LOC_STRINGS = NO;
				SWIFT_VERSION = 5.0;
				TARGETED_DEVICE_FAMILY = "1,2";
				TEST_HOST = "$(BUILT_PRODUCTS_DIR)/ImageFeed.app/$(BUNDLE_EXECUTABLE_FOLDER_PATH)/ImageFeed";
			};
			name = Release;
		};
		9F8905E82C04CF5F008911E4 /* Debug */ = {
			isa = XCBuildConfiguration;
			buildSettings = {
				BUNDLE_LOADER = "$(TEST_HOST)";
				CODE_SIGN_STYLE = Automatic;
				CURRENT_PROJECT_VERSION = 1;
				DEVELOPMENT_TEAM = 25PDYCB3UJ;
				GENERATE_INFOPLIST_FILE = YES;
				IPHONEOS_DEPLOYMENT_TARGET = 16.2;
				MARKETING_VERSION = 1.0;
				PRODUCT_BUNDLE_IDENTIFIER = "ru.art-lab.ImageListTests";
				PRODUCT_NAME = "$(TARGET_NAME)";
				SWIFT_EMIT_LOC_STRINGS = NO;
				SWIFT_VERSION = 5.0;
				TARGETED_DEVICE_FAMILY = "1,2";
				TEST_HOST = "$(BUILT_PRODUCTS_DIR)/ImageFeed.app/$(BUNDLE_EXECUTABLE_FOLDER_PATH)/ImageFeed";
			};
			name = Debug;
		};
		9F8905E92C04CF5F008911E4 /* Release */ = {
			isa = XCBuildConfiguration;
			buildSettings = {
				BUNDLE_LOADER = "$(TEST_HOST)";
				CODE_SIGN_STYLE = Automatic;
				CURRENT_PROJECT_VERSION = 1;
				DEVELOPMENT_TEAM = 25PDYCB3UJ;
				GENERATE_INFOPLIST_FILE = YES;
				IPHONEOS_DEPLOYMENT_TARGET = 16.2;
				MARKETING_VERSION = 1.0;
				PRODUCT_BUNDLE_IDENTIFIER = "ru.art-lab.ImageListTests";
				PRODUCT_NAME = "$(TARGET_NAME)";
				SWIFT_EMIT_LOC_STRINGS = NO;
				SWIFT_VERSION = 5.0;
				TARGETED_DEVICE_FAMILY = "1,2";
				TEST_HOST = "$(BUILT_PRODUCTS_DIR)/ImageFeed.app/$(BUNDLE_EXECUTABLE_FOLDER_PATH)/ImageFeed";
			};
			name = Release;
		};
		9FA19E3E2BFF8C42005A5746 /* Debug */ = {
			isa = XCBuildConfiguration;
			buildSettings = {
				BUNDLE_LOADER = "$(TEST_HOST)";
				CODE_SIGN_STYLE = Automatic;
				CURRENT_PROJECT_VERSION = 1;
				DEVELOPMENT_TEAM = 25PDYCB3UJ;
				GENERATE_INFOPLIST_FILE = YES;
				IPHONEOS_DEPLOYMENT_TARGET = 16.2;
				MARKETING_VERSION = 1.0;
				PRODUCT_BUNDLE_IDENTIFIER = "ru.art-lab.ImageFeedTests";
				PRODUCT_NAME = "$(TARGET_NAME)";
				SWIFT_EMIT_LOC_STRINGS = NO;
				SWIFT_VERSION = 5.0;
				TARGETED_DEVICE_FAMILY = "1,2";
				TEST_HOST = "$(BUILT_PRODUCTS_DIR)/ImageFeed.app/$(BUNDLE_EXECUTABLE_FOLDER_PATH)/ImageFeed";
			};
			name = Debug;
		};
		9FA19E3F2BFF8C42005A5746 /* Release */ = {
			isa = XCBuildConfiguration;
			buildSettings = {
				BUNDLE_LOADER = "$(TEST_HOST)";
				CODE_SIGN_STYLE = Automatic;
				CURRENT_PROJECT_VERSION = 1;
				DEVELOPMENT_TEAM = 25PDYCB3UJ;
				GENERATE_INFOPLIST_FILE = YES;
				IPHONEOS_DEPLOYMENT_TARGET = 16.2;
				MARKETING_VERSION = 1.0;
				PRODUCT_BUNDLE_IDENTIFIER = "ru.art-lab.ImageFeedTests";
				PRODUCT_NAME = "$(TARGET_NAME)";
				SWIFT_EMIT_LOC_STRINGS = NO;
				SWIFT_VERSION = 5.0;
				TARGETED_DEVICE_FAMILY = "1,2";
				TEST_HOST = "$(BUILT_PRODUCTS_DIR)/ImageFeed.app/$(BUNDLE_EXECUTABLE_FOLDER_PATH)/ImageFeed";
			};
			name = Release;
		};
/* End XCBuildConfiguration section */

/* Begin XCConfigurationList section */
		906873602B3F60EF00F47AE0 /* Build configuration list for PBXProject "ImageFeed" */ = {
			isa = XCConfigurationList;
			buildConfigurations = (
				906873772B3F60F000F47AE0 /* Debug */,
				906873782B3F60F000F47AE0 /* Release */,
			);
			defaultConfigurationIsVisible = 0;
			defaultConfigurationName = Release;
		};
		906873792B3F60F000F47AE0 /* Build configuration list for PBXNativeTarget "ImageFeed" */ = {
			isa = XCConfigurationList;
			buildConfigurations = (
				9068737A2B3F60F000F47AE0 /* Debug */,
				9068737B2B3F60F000F47AE0 /* Release */,
			);
			defaultConfigurationIsVisible = 0;
			defaultConfigurationName = Release;
		};
		9088D2522BD4632E008167DB /* Build configuration list for PBXNativeTarget "ImagesListServiceTests" */ = {
			isa = XCConfigurationList;
			buildConfigurations = (
				9088D2502BD4632E008167DB /* Debug */,
				9088D2512BD4632E008167DB /* Release */,
			);
			defaultConfigurationIsVisible = 0;
			defaultConfigurationName = Release;
		};
		9F88DA9E2C0610A4006C9B4C /* Build configuration list for PBXNativeTarget "ImageFeedUITests" */ = {
			isa = XCConfigurationList;
			buildConfigurations = (
				9F88DA9C2C0610A4006C9B4C /* Debug */,
				9F88DA9D2C0610A4006C9B4C /* Release */,
			);
			defaultConfigurationIsVisible = 0;
			defaultConfigurationName = Release;
		};
		9F8905D82C04B1B5008911E4 /* Build configuration list for PBXNativeTarget "ProfileViewTests" */ = {
			isa = XCConfigurationList;
			buildConfigurations = (
				9F8905D92C04B1B5008911E4 /* Debug */,
				9F8905DA2C04B1B5008911E4 /* Release */,
			);
			defaultConfigurationIsVisible = 0;
			defaultConfigurationName = Release;
		};
		9F8905E72C04CF5F008911E4 /* Build configuration list for PBXNativeTarget "ImageListTests" */ = {
			isa = XCConfigurationList;
			buildConfigurations = (
				9F8905E82C04CF5F008911E4 /* Debug */,
				9F8905E92C04CF5F008911E4 /* Release */,
			);
			defaultConfigurationIsVisible = 0;
			defaultConfigurationName = Release;
		};
		9FA19E3D2BFF8C42005A5746 /* Build configuration list for PBXNativeTarget "ImageFeedTests" */ = {
			isa = XCConfigurationList;
			buildConfigurations = (
				9FA19E3E2BFF8C42005A5746 /* Debug */,
				9FA19E3F2BFF8C42005A5746 /* Release */,
			);
			defaultConfigurationIsVisible = 0;
			defaultConfigurationName = Release;
		};
/* End XCConfigurationList section */

/* Begin XCRemoteSwiftPackageReference section */
		9F8FFE552BBFE7E700B2EDD7 /* XCRemoteSwiftPackageReference "Kingfisher" */ = {
			isa = XCRemoteSwiftPackageReference;
			repositoryURL = "https://github.com/onevcat/Kingfisher";
			requirement = {
				kind = upToNextMajorVersion;
				minimumVersion = 7.0.0;
			};
		};
		9F8FFE5A2BC01A0900B2EDD7 /* XCRemoteSwiftPackageReference "SwiftKeychainWrapper" */ = {
			isa = XCRemoteSwiftPackageReference;
			repositoryURL = "https://github.com/jrendel/SwiftKeychainWrapper";
			requirement = {
				kind = upToNextMajorVersion;
				minimumVersion = 4.0.0;
			};
		};
		9FA27DA62BB3F952000EA883 /* XCRemoteSwiftPackageReference "ProgressHUD" */ = {
			isa = XCRemoteSwiftPackageReference;
			repositoryURL = "https://github.com/relatedcode/ProgressHUD";
			requirement = {
				kind = exactVersion;
				version = 13.8.6;
			};
		};
/* End XCRemoteSwiftPackageReference section */

/* Begin XCSwiftPackageProductDependency section */
		9F8FFE562BBFE7E700B2EDD7 /* Kingfisher */ = {
			isa = XCSwiftPackageProductDependency;
			package = 9F8FFE552BBFE7E700B2EDD7 /* XCRemoteSwiftPackageReference "Kingfisher" */;
			productName = Kingfisher;
		};
		9F8FFE5B2BC01A0900B2EDD7 /* SwiftKeychainWrapper */ = {
			isa = XCSwiftPackageProductDependency;
			package = 9F8FFE5A2BC01A0900B2EDD7 /* XCRemoteSwiftPackageReference "SwiftKeychainWrapper" */;
			productName = SwiftKeychainWrapper;
		};
		9FA27DA72BB3F952000EA883 /* ProgressHUD */ = {
			isa = XCSwiftPackageProductDependency;
			package = 9FA27DA62BB3F952000EA883 /* XCRemoteSwiftPackageReference "ProgressHUD" */;
			productName = ProgressHUD;
		};
/* End XCSwiftPackageProductDependency section */
	};
	rootObject = 9068735D2B3F60EF00F47AE0 /* Project object */;
}
